# This file is autogenerated, do not edit; changes may be undone by the next 'dep ensure'.


[[projects]]
  branch = "master"
  name = "github.com/doctor-services/helpers"
  packages = ["paging"]
  revision = "08499231a6e7c42f4af05ed8848a669eb1047a5c"

[[projects]]
  branch = "v2"
  name = "gopkg.in/mgo.v2"
  packages = [
    ".",
    "bson",
    "internal/json",
    "internal/sasl",
    "internal/scram"
  ]
  revision = "9856a29383ce1c59f308dd1cf0363a79b5bef6b5"

[solve-meta]
  analyzer-name = "dep"
  analyzer-version = 1
  inputs-digest = "3e57eaa047ba7567117878ade58877cd1c0c9479b66b5d64d7f1ed16d48132cd"
  solver-name = "gps-cdcl"
  solver-version = 1
